
Microsoft Visual Studio Solution File, Format Version 12.00
# Visual Studio Version 17
VisualStudioVersion = 17.6.33513.286
MinimumVisualStudioVersion = 10.0.40219.1
Project("{9A19103F-16F7-4668-BE54-9A1E7A4F7556}") = "Competence", "Competence.csproj", "{D356F09A-1CD9-4DAC-85E1-A72DC850074A}"
EndProject
Project("{9A19103F-16F7-4668-BE54-9A1E7A4F7556}") = "Competence.Tests", "..\Competence.Tests\Competence.Tests.csproj", "{EF59DC9F-A7DE-40D3-A8B4-3538CB5379C5}"
EndProject
Project("{9A19103F-16F7-4668-BE54-9A1E7A4F7556}") = "Competence.EntityFrameworkCore", "..\Competence.EntityFrameworkCore\Competence.EntityFrameworkCore.csproj", "{BC476B55-82D9-4196-9F1F-F7855BABA84D}"
EndProject
Project("{9A19103F-16F7-4668-BE54-9A1E7A4F7556}") = "Competence.Dapper", "..\Competence.Dapper\Competence.Dapper.csproj", "{37084C47-5A59-43BE-9FF2-6E86B0BCF2A7}"
EndProject
Project("{FAE04EC0-301F-11D3-BF4B-00C04F79EFBC}") = "Competence.UseCases", "..\Competence.UseCases\Competence.UseCases.csproj", "{B391FC28-289C-43F7-9650-4F0534CC5B73}"
EndProject
Global
	GlobalSection(SolutionConfigurationPlatforms) = preSolution
		Debug|Any CPU = Debug|Any CPU
		Release|Any CPU = Release|Any CPU
	EndGlobalSection
	GlobalSection(ProjectConfigurationPlatforms) = postSolution
		{D356F09A-1CD9-4DAC-85E1-A72DC850074A}.Debug|Any CPU.ActiveCfg = Debug|Any CPU
		{D356F09A-1CD9-4DAC-85E1-A72DC850074A}.Debug|Any CPU.Build.0 = Debug|Any CPU
		{D356F09A-1CD9-4DAC-85E1-A72DC850074A}.Release|Any CPU.ActiveCfg = Release|Any CPU
		{D356F09A-1CD9-4DAC-85E1-A72DC850074A}.Release|Any CPU.Build.0 = Release|Any CPU
		{EF59DC9F-A7DE-40D3-A8B4-3538CB5379C5}.Debug|Any CPU.ActiveCfg = Debug|Any CPU
		{EF59DC9F-A7DE-40D3-A8B4-3538CB5379C5}.Debug|Any CPU.Build.0 = Debug|Any CPU
		{EF59DC9F-A7DE-40D3-A8B4-3538CB5379C5}.Release|Any CPU.ActiveCfg = Release|Any CPU
		{EF59DC9F-A7DE-40D3-A8B4-3538CB5379C5}.Release|Any CPU.Build.0 = Release|Any CPU
		{BC476B55-82D9-4196-9F1F-F7855BABA84D}.Debug|Any CPU.ActiveCfg = Debug|Any CPU
		{BC476B55-82D9-4196-9F1F-F7855BABA84D}.Debug|Any CPU.Build.0 = Debug|Any CPU
		{BC476B55-82D9-4196-9F1F-F7855BABA84D}.Release|Any CPU.ActiveCfg = Release|Any CPU
		{BC476B55-82D9-4196-9F1F-F7855BABA84D}.Release|Any CPU.Build.0 = Release|Any CPU
		{37084C47-5A59-43BE-9FF2-6E86B0BCF2A7}.Debug|Any CPU.ActiveCfg = Debug|Any CPU
		{37084C47-5A59-43BE-9FF2-6E86B0BCF2A7}.Debug|Any CPU.Build.0 = Debug|Any CPU
		{37084C47-5A59-43BE-9FF2-6E86B0BCF2A7}.Release|Any CPU.ActiveCfg = Release|Any CPU
		{37084C47-5A59-43BE-9FF2-6E86B0BCF2A7}.Release|Any CPU.Build.0 = Release|Any CPU
		{B391FC28-289C-43F7-9650-4F0534CC5B73}.Debug|Any CPU.ActiveCfg = Debug|Any CPU
		{B391FC28-289C-43F7-9650-4F0534CC5B73}.Debug|Any CPU.Build.0 = Debug|Any CPU
		{B391FC28-289C-43F7-9650-4F0534CC5B73}.Release|Any CPU.ActiveCfg = Release|Any CPU
		{B391FC28-289C-43F7-9650-4F0534CC5B73}.Release|Any CPU.Build.0 = Release|Any CPU
	EndGlobalSection
	GlobalSection(SolutionProperties) = preSolution
		HideSolutionNode = FALSE
	EndGlobalSection
	GlobalSection(ExtensibilityGlobals) = postSolution
		SolutionGuid = {5074BE93-E0A1-4487-ABD8-A18ECBBC0794}
	EndGlobalSection
EndGlobal
